PODS:
  - ea_accessory (0.1.0):
    - Flutter
  - Flutter (1.0.0)

DEPENDENCIES:
  - ea_accessory (from `.symlinks/plugins/ea_accessory/ios`)
  - Flutter (from `Flutter`)

EXTERNAL SOURCES:
  ea_accessory:
    :path: ".symlinks/plugins/ea_accessory/ios"
  Flutter:
    :path: Flutter

SPEC CHECKSUMS:
  ea_accessory: 084ca36812b60491c294402dc271f87df0e945f6
  Flutter: cabc95a1d2626b1b06e7179b784ebcf0c0cde467

PODFILE CHECKSUM: 3c63482e143d1b91d2d2560aee9fb04ecc74ac7e

COCOAPODS: 1.17.0
